
Microsoft Visual Studio Solution File, Format Version 12.00
# Visual Studio Version 16
VisualStudioVersion = 16.0.31702.278
MinimumVisualStudioVersion = 10.0.40219.1
Project("{FAE04EC0-301F-11D3-BF4B-00C04F79EFBC}") = "Lab6_Task1", "Lab6_Task1\Lab6_Task1.csproj", "{3B8BCB33-F6E9-4D29-9C1D-0A821B277FF2}"
EndProject
Project("{FAE04EC0-301F-11D3-BF4B-00C04F79EFBC}") = "Lab6_Task2", "Lab6_Task2\Lab6_Task2.csproj", "{C646EB11-83B4-4FC1-B1E9-D1EC4B0807B9}"
EndProject
Project("{FAE04EC0-301F-11D3-BF4B-00C04F79EFBC}") = "Lab6_Task3", "Lab6_Task3\Lab6_Task3.csproj", "{22898C99-32D1-48C7-9C97-94BF595D8B08}"
EndProject
Global
	GlobalSection(SolutionConfigurationPlatforms) = preSolution
		Debug|Any CPU = Debug|Any CPU
		Release|Any CPU = Release|Any CPU
	EndGlobalSection
	GlobalSection(ProjectConfigurationPlatforms) = postSolution
		{3B8BCB33-F6E9-4D29-9C1D-0A821B277FF2}.Debug|Any CPU.ActiveCfg = Debug|Any CPU
		{3B8BCB33-F6E9-4D29-9C1D-0A821B277FF2}.Debug|Any CPU.Build.0 = Debug|Any CPU
		{3B8BCB33-F6E9-4D29-9C1D-0A821B277FF2}.Release|Any CPU.ActiveCfg = Release|Any CPU
		{3B8BCB33-F6E9-4D29-9C1D-0A821B277FF2}.Release|Any CPU.Build.0 = Release|Any CPU
		{C646EB11-83B4-4FC1-B1E9-D1EC4B0807B9}.Debug|Any CPU.ActiveCfg = Debug|Any CPU
		{C646EB11-83B4-4FC1-B1E9-D1EC4B0807B9}.Debug|Any CPU.Build.0 = Debug|Any CPU
		{C646EB11-83B4-4FC1-B1E9-D1EC4B0807B9}.Release|Any CPU.ActiveCfg = Release|Any CPU
		{C646EB11-83B4-4FC1-B1E9-D1EC4B0807B9}.Release|Any CPU.Build.0 = Release|Any CPU
		{22898C99-32D1-48C7-9C97-94BF595D8B08}.Debug|Any CPU.ActiveCfg = Debug|Any CPU
		{22898C99-32D1-48C7-9C97-94BF595D8B08}.Debug|Any CPU.Build.0 = Debug|Any CPU
		{22898C99-32D1-48C7-9C97-94BF595D8B08}.Release|Any CPU.ActiveCfg = Release|Any CPU
		{22898C99-32D1-48C7-9C97-94BF595D8B08}.Release|Any CPU.Build.0 = Release|Any CPU
	EndGlobalSection
	GlobalSection(SolutionProperties) = preSolution
		HideSolutionNode = FALSE
	EndGlobalSection
	GlobalSection(ExtensibilityGlobals) = postSolution
		SolutionGuid = {D65888D2-A36F-4E1E-9285-ADA72BCC2E5A}
	EndGlobalSection
EndGlobal
